
Microsoft Visual Studio Solution File, Format Version 12.00
Project("{FAE04EC0-301F-11D3-BF4B-00C04F79EFBC}") = "ForzaTelemetryApp", "ForzaTelemetryApp\ForzaTelemetryApp.csproj", "{5BCFB8C3-08D0-4D8D-B01C-677A15FC5EBB}"
EndProject
Project("{FAE04EC0-301F-11D3-BF4B-00C04F79EFBC}") = "ForzaTelemetry.ForzaModels", "ForzaTelemetry.ForzaModels\ForzaTelemetry.ForzaModels.csproj", "{1688E4C8-66CA-4FAF-8164-9EEE923321B2}"
EndProject
Global
	GlobalSection(SolutionConfigurationPlatforms) = preSolution
		Debug|Any CPU = Debug|Any CPU
		Release|Any CPU = Release|Any CPU
	EndGlobalSection
	GlobalSection(ProjectConfigurationPlatforms) = postSolution
		{5BCFB8C3-08D0-4D8D-B01C-677A15FC5EBB}.Debug|Any CPU.ActiveCfg = Debug|Any CPU
		{5BCFB8C3-08D0-4D8D-B01C-677A15FC5EBB}.Debug|Any CPU.Build.0 = Debug|Any CPU
		{5BCFB8C3-08D0-4D8D-B01C-677A15FC5EBB}.Release|Any CPU.ActiveCfg = Release|Any CPU
		{5BCFB8C3-08D0-4D8D-B01C-677A15FC5EBB}.Release|Any CPU.Build.0 = Release|Any CPU
		{1688E4C8-66CA-4FAF-8164-9EEE923321B2}.Debug|Any CPU.ActiveCfg = Debug|Any CPU
		{1688E4C8-66CA-4FAF-8164-9EEE923321B2}.Debug|Any CPU.Build.0 = Debug|Any CPU
		{1688E4C8-66CA-4FAF-8164-9EEE923321B2}.Release|Any CPU.ActiveCfg = Release|Any CPU
		{1688E4C8-66CA-4FAF-8164-9EEE923321B2}.Release|Any CPU.Build.0 = Release|Any CPU
	EndGlobalSection
EndGlobal
